
Microsoft Visual Studio Solution File, Format Version 12.00
# Visual Studio Version 17
VisualStudioVersion = 17.4.33205.214
MinimumVisualStudioVersion = 10.0.40219.1
Project("{FAE04EC0-301F-11D3-BF4B-00C04F79EFBC}") = "MukeshJi", "MukeshJi\MukeshJi.csproj", "{37E2950F-A069-471A-850E-F60A4FEF1BE2}"
EndProject
Global
	GlobalSection(SolutionConfigurationPlatforms) = preSolution
		Debug|Any CPU = Debug|Any CPU
		Release|Any CPU = Release|Any CPU
	EndGlobalSection
	GlobalSection(ProjectConfigurationPlatforms) = postSolution
		{37E2950F-A069-471A-850E-F60A4FEF1BE2}.Debug|Any CPU.ActiveCfg = Debug|Any CPU
		{37E2950F-A069-471A-850E-F60A4FEF1BE2}.Debug|Any CPU.Build.0 = Debug|Any CPU
		{37E2950F-A069-471A-850E-F60A4FEF1BE2}.Release|Any CPU.ActiveCfg = Release|Any CPU
		{37E2950F-A069-471A-850E-F60A4FEF1BE2}.Release|Any CPU.Build.0 = Release|Any CPU
	EndGlobalSection
	GlobalSection(SolutionProperties) = preSolution
		HideSolutionNode = FALSE
	EndGlobalSection
	GlobalSection(ExtensibilityGlobals) = postSolution
		SolutionGuid = {EC87E2B6-275E-49B0-AB3C-19AE5CA7D8EC}
	EndGlobalSection
EndGlobal
